
Microsoft Visual Studio Solution File, Format Version 12.00
# Visual Studio 15
Project("{FAE04EC0-301F-11D3-BF4B-00C04F79EFBC}") = "SacramentPlanner", "SacramentPlanner\SacramentPlanner.csproj", "{A27C6AE8-DE0F-402D-B0BB-9922F2C091A5}"
EndProject
Global
	GlobalSection(SolutionConfigurationPlatforms) = preSolution
		Debug|Any CPU = Debug|Any CPU
		Release|Any CPU = Release|Any CPU
	EndGlobalSection
	GlobalSection(ProjectConfigurationPlatforms) = postSolution
		{A27C6AE8-DE0F-402D-B0BB-9922F2C091A5}.Debug|Any CPU.ActiveCfg = Debug|Any CPU
		{A27C6AE8-DE0F-402D-B0BB-9922F2C091A5}.Debug|Any CPU.Build.0 = Debug|Any CPU
		{A27C6AE8-DE0F-402D-B0BB-9922F2C091A5}.Release|Any CPU.ActiveCfg = Release|Any CPU
		{A27C6AE8-DE0F-402D-B0BB-9922F2C091A5}.Release|Any CPU.Build.0 = Release|Any CPU
	EndGlobalSection
EndGlobal
