
Microsoft Visual Studio Solution File, Format Version 12.00
# Visual Studio Version 16
VisualStudioVersion = 16.0.29905.134
MinimumVisualStudioVersion = 10.0.40219.1
Project("{FAE04EC0-301F-11D3-BF4B-00C04F79EFBC}") = "Contoso University", "Contoso University\Contoso University.csproj", "{2CB50A14-5C1F-443F-BAE6-448B0BA721D6}"
EndProject
Global
	GlobalSection(SolutionConfigurationPlatforms) = preSolution
		Debug|Any CPU = Debug|Any CPU
		Release|Any CPU = Release|Any CPU
	EndGlobalSection
	GlobalSection(ProjectConfigurationPlatforms) = postSolution
		{2CB50A14-5C1F-443F-BAE6-448B0BA721D6}.Debug|Any CPU.ActiveCfg = Debug|Any CPU
		{2CB50A14-5C1F-443F-BAE6-448B0BA721D6}.Debug|Any CPU.Build.0 = Debug|Any CPU
		{2CB50A14-5C1F-443F-BAE6-448B0BA721D6}.Release|Any CPU.ActiveCfg = Release|Any CPU
		{2CB50A14-5C1F-443F-BAE6-448B0BA721D6}.Release|Any CPU.Build.0 = Release|Any CPU
	EndGlobalSection
	GlobalSection(SolutionProperties) = preSolution
		HideSolutionNode = FALSE
	EndGlobalSection
	GlobalSection(ExtensibilityGlobals) = postSolution
		SolutionGuid = {857B0FEF-CC91-4B2C-8360-14EB61CC5EB2}
	EndGlobalSection
EndGlobal
